
Microsoft Visual Studio Solution File, Format Version 12.00
# Visual Studio 2013
VisualStudioVersion = 12.0.31101.0
MinimumVisualStudioVersion = 10.0.40219.1
Project("{FAE04EC0-301F-11D3-BF4B-00C04F79EFBC}") = "Serilog.Sinks.AzureDocumentDb", "src\Serilog.Sinks.AzureDocumentDb\Serilog.Sinks.AzureDocumentDb.csproj", "{C1875BEA-4509-4E04-AB8F-C2F8169BF001}"
EndProject
Global
	GlobalSection(SolutionConfigurationPlatforms) = preSolution
		Debug|Any CPU = Debug|Any CPU
		Release|Any CPU = Release|Any CPU
	EndGlobalSection
	GlobalSection(ProjectConfigurationPlatforms) = postSolution
		{C1875BEA-4509-4E04-AB8F-C2F8169BF001}.Debug|Any CPU.ActiveCfg = Debug|Any CPU
		{C1875BEA-4509-4E04-AB8F-C2F8169BF001}.Debug|Any CPU.Build.0 = Debug|Any CPU
		{C1875BEA-4509-4E04-AB8F-C2F8169BF001}.Release|Any CPU.ActiveCfg = Release|Any CPU
		{C1875BEA-4509-4E04-AB8F-C2F8169BF001}.Release|Any CPU.Build.0 = Release|Any CPU
	EndGlobalSection
	GlobalSection(SolutionProperties) = preSolution
		HideSolutionNode = FALSE
	EndGlobalSection
EndGlobal
